
Microsoft Visual Studio Solution File, Format Version 12.00
# Visual Studio Version 17
VisualStudioVersion = 17.14.36301.6
MinimumVisualStudioVersion = 10.0.40219.1
Project("{FAE04EC0-301F-11D3-BF4B-00C04F79EFBC}") = "Process Line Data Manager", "Process Line Data Manager\Process Line Data Manager.csproj", "{6B31B0F5-00C3-409B-B409-8AF75D8F634D}"
EndProject
Project("{FAE04EC0-301F-11D3-BF4B-00C04F79EFBC}") = "LDMClassLibrary", "LDMClassLibrary\LDMClassLibrary.csproj", "{78262A8E-1493-4590-B6C4-40CB947C0D6F}"
EndProject
Global
	GlobalSection(SolutionConfigurationPlatforms) = preSolution
		Debug|Any CPU = Debug|Any CPU
		Release|Any CPU = Release|Any CPU
	EndGlobalSection
	GlobalSection(ProjectConfigurationPlatforms) = postSolution
		{6B31B0F5-00C3-409B-B409-8AF75D8F634D}.Debug|Any CPU.ActiveCfg = Debug|Any CPU
		{6B31B0F5-00C3-409B-B409-8AF75D8F634D}.Debug|Any CPU.Build.0 = Debug|Any CPU
		{6B31B0F5-00C3-409B-B409-8AF75D8F634D}.Release|Any CPU.ActiveCfg = Release|Any CPU
		{6B31B0F5-00C3-409B-B409-8AF75D8F634D}.Release|Any CPU.Build.0 = Release|Any CPU
		{78262A8E-1493-4590-B6C4-40CB947C0D6F}.Debug|Any CPU.ActiveCfg = Debug|Any CPU
		{78262A8E-1493-4590-B6C4-40CB947C0D6F}.Debug|Any CPU.Build.0 = Debug|Any CPU
		{78262A8E-1493-4590-B6C4-40CB947C0D6F}.Release|Any CPU.ActiveCfg = Release|Any CPU
		{78262A8E-1493-4590-B6C4-40CB947C0D6F}.Release|Any CPU.Build.0 = Release|Any CPU
	EndGlobalSection
	GlobalSection(SolutionProperties) = preSolution
		HideSolutionNode = FALSE
	EndGlobalSection
	GlobalSection(ExtensibilityGlobals) = postSolution
		SolutionGuid = {53E30A6B-0079-4D52-9FD5-C4C004EFBDA1}
	EndGlobalSection
EndGlobal
